// !$*UTF8*$!
{
	archiveVersion = 1;
	classes = {
	};
	objectVersion = 48;
	objects = {

/* Begin PBXBuildFile section */
		354E907E1FDA31E200A63A1E /* WPFPinYinDataManager.m in Sources */ = {isa = PBXBuildFile; fileRef = 354E907A1FDA31E200A63A1E /* WPFPinYinDataManager.m */; };
		354E907F1FDA31E200A63A1E /* WPFPerson.m in Sources */ = {isa = PBXBuildFile; fileRef = 354E907B1FDA31E200A63A1E /* WPFPerson.m */; };
		354E90801FDA31E200A63A1E /* WPFPinYinTools.m in Sources */ = {isa = PBXBuildFile; fileRef = 354E907C1FDA31E200A63A1E /* WPFPinYinTools.m */; };
		354E90A61FDA32D200A63A1E /* NSString+PinYin4Cocoa.m in Sources */ = {isa = PBXBuildFile; fileRef = 354E909B1FDA32D200A63A1E /* NSString+PinYin4Cocoa.m */; };
		354E90A71FDA32D200A63A1E /* PinyinHelper.m in Sources */ = {isa = PBXBuildFile; fileRef = 354E909E1FDA32D200A63A1E /* PinyinHelper.m */; };
		354E90A81FDA32D200A63A1E /* HanyuPinyinOutputFormat.m in Sources */ = {isa = PBXBuildFile; fileRef = 354E90A01FDA32D200A63A1E /* HanyuPinyinOutputFormat.m */; };
		354E90A91FDA32D200A63A1E /* ChineseToPinyinResource.m in Sources */ = {isa = PBXBuildFile; fileRef = 354E90A11FDA32D200A63A1E /* ChineseToPinyinResource.m */; };
		354E90AA1FDA32D200A63A1E /* PinyinFormatter.m in Sources */ = {isa = PBXBuildFile; fileRef = 354E90A21FDA32D200A63A1E /* PinyinFormatter.m */; };
		354E90AB1FDA32D200A63A1E /* unicode_to_hanyu_pinyin.txt in Resources */ = {isa = PBXBuildFile; fileRef = 354E90A51FDA32D200A63A1E /* unicode_to_hanyu_pinyin.txt */; };
		358D8D601FC414D800FD5AAC /* AppDelegate.m in Sources */ = {isa = PBXBuildFile; fileRef = 358D8D5F1FC414D800FD5AAC /* AppDelegate.m */; };
		358D8D631FC414D800FD5AAC /* WPFViewController.m in Sources */ = {isa = PBXBuildFile; fileRef = 358D8D621FC414D800FD5AAC /* WPFViewController.m */; };
		358D8D681FC414D800FD5AAC /* Assets.xcassets in Resources */ = {isa = PBXBuildFile; fileRef = 358D8D671FC414D800FD5AAC /* Assets.xcassets */; };
		358D8D6B1FC414D800FD5AAC /* LaunchScreen.storyboard in Resources */ = {isa = PBXBuildFile; fileRef = 358D8D691FC414D800FD5AAC /* LaunchScreen.storyboard */; };
		358D8D6E1FC414D800FD5AAC /* main.m in Sources */ = {isa = PBXBuildFile; fileRef = 358D8D6D1FC414D800FD5AAC /* main.m */; };
		358D8D761FC425AE00FD5AAC /* PersonList.json in Resources */ = {isa = PBXBuildFile; fileRef = 358D8D751FC425AE00FD5AAC /* PersonList.json */; };
		358D8D791FC524D000FD5AAC /* WPFSearchResultViewController.m in Sources */ = {isa = PBXBuildFile; fileRef = 358D8D781FC524D000FD5AAC /* WPFSearchResultViewController.m */; };
/* End PBXBuildFile section */

/* Begin PBXFileReference section */
		354E90781FDA31E200A63A1E /* WPFPinYinTools.h */ = {isa = PBXFileReference; fileEncoding = 4; lastKnownFileType = sourcecode.c.h; path = WPFPinYinTools.h; sourceTree = "<group>"; };
		354E90791FDA31E200A63A1E /* WPFPerson.h */ = {isa = PBXFileReference; fileEncoding = 4; lastKnownFileType = sourcecode.c.h; path = WPFPerson.h; sourceTree = "<group>"; };
		354E907A1FDA31E200A63A1E /* WPFPinYinDataManager.m */ = {isa = PBXFileReference; fileEncoding = 4; lastKnownFileType = sourcecode.c.objc; path = WPFPinYinDataManager.m; sourceTree = "<group>"; };
		354E907B1FDA31E200A63A1E /* WPFPerson.m */ = {isa = PBXFileReference; fileEncoding = 4; lastKnownFileType = sourcecode.c.objc; path = WPFPerson.m; sourceTree = "<group>"; };
		354E907C1FDA31E200A63A1E /* WPFPinYinTools.m */ = {isa = PBXFileReference; fileEncoding = 4; lastKnownFileType = sourcecode.c.objc; path = WPFPinYinTools.m; sourceTree = "<group>"; };
		354E907D1FDA31E200A63A1E /* WPFPinYinDataManager.h */ = {isa = PBXFileReference; fileEncoding = 4; lastKnownFileType = sourcecode.c.h; path = WPFPinYinDataManager.h; sourceTree = "<group>"; };
		354E90991FDA32D200A63A1E /* PinyinHelper.h */ = {isa = PBXFileReference; fileEncoding = 4; lastKnownFileType = sourcecode.c.h; path = PinyinHelper.h; sourceTree = "<group>"; };
		354E909A1FDA32D200A63A1E /* HanyuPinyinOutputFormat.h */ = {isa = PBXFileReference; fileEncoding = 4; lastKnownFileType = sourcecode.c.h; path = HanyuPinyinOutputFormat.h; sourceTree = "<group>"; };
		354E909B1FDA32D200A63A1E /* NSString+PinYin4Cocoa.m */ = {isa = PBXFileReference; fileEncoding = 4; lastKnownFileType = sourcecode.c.objc; path = "NSString+PinYin4Cocoa.m"; sourceTree = "<group>"; };
		354E909C1FDA32D200A63A1E /* ChineseToPinyinResource.h */ = {isa = PBXFileReference; fileEncoding = 4; lastKnownFileType = sourcecode.c.h; path = ChineseToPinyinResource.h; sourceTree = "<group>"; };
		354E909D1FDA32D200A63A1E /* PinyinFormatter.h */ = {isa = PBXFileReference; fileEncoding = 4; lastKnownFileType = sourcecode.c.h; path = PinyinFormatter.h; sourceTree = "<group>"; };
		354E909E1FDA32D200A63A1E /* PinyinHelper.m */ = {isa = PBXFileReference; fileEncoding = 4; lastKnownFileType = sourcecode.c.objc; path = PinyinHelper.m; sourceTree = "<group>"; };
		354E909F1FDA32D200A63A1E /* NSString+PinYin4Cocoa.h */ = {isa = PBXFileReference; fileEncoding = 4; lastKnownFileType = sourcecode.c.h; path = "NSString+PinYin4Cocoa.h"; sourceTree = "<group>"; };
		354E90A01FDA32D200A63A1E /* HanyuPinyinOutputFormat.m */ = {isa = PBXFileReference; fileEncoding = 4; lastKnownFileType = sourcecode.c.objc; path = HanyuPinyinOutputFormat.m; sourceTree = "<group>"; };
		354E90A11FDA32D200A63A1E /* ChineseToPinyinResource.m */ = {isa = PBXFileReference; fileEncoding = 4; lastKnownFileType = sourcecode.c.objc; path = ChineseToPinyinResource.m; sourceTree = "<group>"; };
		354E90A21FDA32D200A63A1E /* PinyinFormatter.m */ = {isa = PBXFileReference; fileEncoding = 4; lastKnownFileType = sourcecode.c.objc; path = PinyinFormatter.m; sourceTree = "<group>"; };
		354E90A31FDA32D200A63A1E /* PinYin4Objc.h */ = {isa = PBXFileReference; fileEncoding = 4; lastKnownFileType = sourcecode.c.h; path = PinYin4Objc.h; sourceTree = "<group>"; };
		354E90A51FDA32D200A63A1E /* unicode_to_hanyu_pinyin.txt */ = {isa = PBXFileReference; fileEncoding = 4; lastKnownFileType = text; path = unicode_to_hanyu_pinyin.txt; sourceTree = "<group>"; };
		358D8D5B1FC414D800FD5AAC /* HighlightedSearchDemo.app */ = {isa = PBXFileReference; explicitFileType = wrapper.application; includeInIndex = 0; path = HighlightedSearchDemo.app; sourceTree = BUILT_PRODUCTS_DIR; };
		358D8D5E1FC414D800FD5AAC /* AppDelegate.h */ = {isa = PBXFileReference; lastKnownFileType = sourcecode.c.h; path = AppDelegate.h; sourceTree = "<group>"; };
		358D8D5F1FC414D800FD5AAC /* AppDelegate.m */ = {isa = PBXFileReference; lastKnownFileType = sourcecode.c.objc; path = AppDelegate.m; sourceTree = "<group>"; };
		358D8D611FC414D800FD5AAC /* WPFViewController.h */ = {isa = PBXFileReference; lastKnownFileType = sourcecode.c.h; path = WPFViewController.h; sourceTree = "<group>"; };
		358D8D621FC414D800FD5AAC /* WPFViewController.m */ = {isa = PBXFileReference; lastKnownFileType = sourcecode.c.objc; path = WPFViewController.m; sourceTree = "<group>"; };
		358D8D671FC414D800FD5AAC /* Assets.xcassets */ = {isa = PBXFileReference; lastKnownFileType = folder.assetcatalog; path = Assets.xcassets; sourceTree = "<group>"; };
		358D8D6A1FC414D800FD5AAC /* Base */ = {isa = PBXFileReference; lastKnownFileType = file.storyboard; name = Base; path = Base.lproj/LaunchScreen.storyboard; sourceTree = "<group>"; };
		358D8D6C1FC414D800FD5AAC /* Info.plist */ = {isa = PBXFileReference; lastKnownFileType = text.plist.xml; path = Info.plist; sourceTree = "<group>"; };
		358D8D6D1FC414D800FD5AAC /* main.m */ = {isa = PBXFileReference; lastKnownFileType = sourcecode.c.objc; path = main.m; sourceTree = "<group>"; };
		358D8D751FC425AE00FD5AAC /* PersonList.json */ = {isa = PBXFileReference; fileEncoding = 4; lastKnownFileType = text.json; path = PersonList.json; sourceTree = "<group>"; };
		358D8D771FC524D000FD5AAC /* WPFSearchResultViewController.h */ = {isa = PBXFileReference; lastKnownFileType = sourcecode.c.h; path = WPFSearchResultViewController.h; sourceTree = "<group>"; };
		358D8D781FC524D000FD5AAC /* WPFSearchResultViewController.m */ = {isa = PBXFileReference; lastKnownFileType = sourcecode.c.objc; path = WPFSearchResultViewController.m; sourceTree = "<group>"; };
/* End PBXFileReference section */

/* Begin PBXFrameworksBuildPhase section */
		358D8D581FC414D800FD5AAC /* Frameworks */ = {
			isa = PBXFrameworksBuildPhase;
			buildActionMask = 2147483647;
			files = (
			);
			runOnlyForDeploymentPostprocessing = 0;
		};
/* End PBXFrameworksBuildPhase section */

/* Begin PBXGroup section */
		354E90771FDA31E200A63A1E /* HighlightedSearch */ = {
			isa = PBXGroup;
			children = (
				354E90781FDA31E200A63A1E /* WPFPinYinTools.h */,
				354E90791FDA31E200A63A1E /* WPFPerson.h */,
				354E907A1FDA31E200A63A1E /* WPFPinYinDataManager.m */,
				354E907B1FDA31E200A63A1E /* WPFPerson.m */,
				354E907C1FDA31E200A63A1E /* WPFPinYinTools.m */,
				354E907D1FDA31E200A63A1E /* WPFPinYinDataManager.h */,
			);
			path = HighlightedSearch;
			sourceTree = "<group>";
		};
		354E90811FDA322000A63A1E /* 3rd */ = {
			isa = PBXGroup;
			children = (
				354E90971FDA32D200A63A1E /* PinYin4Objc */,
			);
			path = 3rd;
			sourceTree = "<group>";
		};
		354E90971FDA32D200A63A1E /* PinYin4Objc */ = {
			isa = PBXGroup;
			children = (
				354E90981FDA32D200A63A1E /* Classes */,
				354E90A41FDA32D200A63A1E /* Resources */,
			);
			name = PinYin4Objc;
			path = "../../../.Trash/HighlightedSearch的副本/HighlightedSearch/HighlightedSearch/3rd/PinYin4Objc";
			sourceTree = "<group>";
		};
		354E90981FDA32D200A63A1E /* Classes */ = {
			isa = PBXGroup;
			children = (
				354E90991FDA32D200A63A1E /* PinyinHelper.h */,
				354E909A1FDA32D200A63A1E /* HanyuPinyinOutputFormat.h */,
				354E909B1FDA32D200A63A1E /* NSString+PinYin4Cocoa.m */,
				354E909C1FDA32D200A63A1E /* ChineseToPinyinResource.h */,
				354E909D1FDA32D200A63A1E /* PinyinFormatter.h */,
				354E909E1FDA32D200A63A1E /* PinyinHelper.m */,
				354E909F1FDA32D200A63A1E /* NSString+PinYin4Cocoa.h */,
				354E90A01FDA32D200A63A1E /* HanyuPinyinOutputFormat.m */,
				354E90A11FDA32D200A63A1E /* ChineseToPinyinResource.m */,
				354E90A21FDA32D200A63A1E /* PinyinFormatter.m */,
				354E90A31FDA32D200A63A1E /* PinYin4Objc.h */,
			);
			path = Classes;
			sourceTree = "<group>";
		};
		354E90A41FDA32D200A63A1E /* Resources */ = {
			isa = PBXGroup;
			children = (
				354E90A51FDA32D200A63A1E /* unicode_to_hanyu_pinyin.txt */,
			);
			path = Resources;
			sourceTree = "<group>";
		};
		355BEAB31FC54DF900040E0F /* ViewControllers */ = {
			isa = PBXGroup;
			children = (
				358D8D611FC414D800FD5AAC /* WPFViewController.h */,
				358D8D621FC414D800FD5AAC /* WPFViewController.m */,
				358D8D771FC524D000FD5AAC /* WPFSearchResultViewController.h */,
				358D8D781FC524D000FD5AAC /* WPFSearchResultViewController.m */,
			);
			path = ViewControllers;
			sourceTree = "<group>";
		};
		355BEAB41FC54E2400040E0F /* Tools */ = {
			isa = PBXGroup;
			children = (
			);
			path = Tools;
			sourceTree = "<group>";
		};
		358D8D521FC414D800FD5AAC = {
			isa = PBXGroup;
			children = (
				354E90771FDA31E200A63A1E /* HighlightedSearch */,
				358D8D5D1FC414D800FD5AAC /* HighlightedSearchDemo */,
				358D8D5C1FC414D800FD5AAC /* Products */,
			);
			sourceTree = "<group>";
		};
		358D8D5C1FC414D800FD5AAC /* Products */ = {
			isa = PBXGroup;
			children = (
				358D8D5B1FC414D800FD5AAC /* HighlightedSearchDemo.app */,
			);
			name = Products;
			sourceTree = "<group>";
		};
		358D8D5D1FC414D800FD5AAC /* HighlightedSearchDemo */ = {
			isa = PBXGroup;
			children = (
				355BEAB41FC54E2400040E0F /* Tools */,
				354E90811FDA322000A63A1E /* 3rd */,
				358D8D7A1FC54B7800FD5AAC /* Model */,
				355BEAB31FC54DF900040E0F /* ViewControllers */,
				358D8D741FC425A700FD5AAC /* Otherts */,
				358D8D671FC414D800FD5AAC /* Assets.xcassets */,
				358D8D691FC414D800FD5AAC /* LaunchScreen.storyboard */,
				358D8D6C1FC414D800FD5AAC /* Info.plist */,
				358D8D6D1FC414D800FD5AAC /* main.m */,
			);
			path = HighlightedSearchDemo;
			sourceTree = "<group>";
		};
		358D8D741FC425A700FD5AAC /* Otherts */ = {
			isa = PBXGroup;
			children = (
				358D8D5E1FC414D800FD5AAC /* AppDelegate.h */,
				358D8D5F1FC414D800FD5AAC /* AppDelegate.m */,
				358D8D751FC425AE00FD5AAC /* PersonList.json */,
			);
			path = Otherts;
			sourceTree = "<group>";
		};
		358D8D7A1FC54B7800FD5AAC /* Model */ = {
			isa = PBXGroup;
			children = (
			);
			path = Model;
			sourceTree = "<group>";
		};
/* End PBXGroup section */

/* Begin PBXNativeTarget section */
		358D8D5A1FC414D800FD5AAC /* HighlightedSearchDemo */ = {
			isa = PBXNativeTarget;
			buildConfigurationList = 358D8D711FC414D800FD5AAC /* Build configuration list for PBXNativeTarget "HighlightedSearchDemo" */;
			buildPhases = (
				358D8D571FC414D800FD5AAC /* Sources */,
				358D8D581FC414D800FD5AAC /* Frameworks */,
				358D8D591FC414D800FD5AAC /* Resources */,
			);
			buildRules = (
			);
			dependencies = (
			);
			name = HighlightedSearchDemo;
			productName = HighlightedSearch;
			productReference = 358D8D5B1FC414D800FD5AAC /* HighlightedSearchDemo.app */;
			productType = "com.apple.product-type.application";
		};
/* End PBXNativeTarget section */

/* Begin PBXProject section */
		358D8D531FC414D800FD5AAC /* Project object */ = {
			isa = PBXProject;
			attributes = {
				LastUpgradeCheck = 0910;
				ORGANIZATIONNAME = Leon;
				TargetAttributes = {
					358D8D5A1FC414D800FD5AAC = {
						CreatedOnToolsVersion = 9.1;
						ProvisioningStyle = Automatic;
					};
				};
			};
			buildConfigurationList = 358D8D561FC414D800FD5AAC /* Build configuration list for PBXProject "HighlightedSearchDemo" */;
			compatibilityVersion = "Xcode 8.0";
			developmentRegion = en;
			hasScannedForEncodings = 0;
			knownRegions = (
				en,
				Base,
			);
			mainGroup = 358D8D521FC414D800FD5AAC;
			productRefGroup = 358D8D5C1FC414D800FD5AAC /* Products */;
			projectDirPath = "";
			projectRoot = "";
			targets = (
				358D8D5A1FC414D800FD5AAC /* HighlightedSearchDemo */,
			);
		};
/* End PBXProject section */

/* Begin PBXResourcesBuildPhase section */
		358D8D591FC414D800FD5AAC /* Resources */ = {
			isa = PBXResourcesBuildPhase;
			buildActionMask = 2147483647;
			files = (
				354E90AB1FDA32D200A63A1E /* unicode_to_hanyu_pinyin.txt in Resources */,
				358D8D6B1FC414D800FD5AAC /* LaunchScreen.storyboard in Resources */,
				358D8D681FC414D800FD5AAC /* Assets.xcassets in Resources */,
				358D8D761FC425AE00FD5AAC /* PersonList.json in Resources */,
			);
			runOnlyForDeploymentPostprocessing = 0;
		};
/* End PBXResourcesBuildPhase section */

/* Begin PBXSourcesBuildPhase section */
		358D8D571FC414D800FD5AAC /* Sources */ = {
			isa = PBXSourcesBuildPhase;
			buildActionMask = 2147483647;
			files = (
				354E90A71FDA32D200A63A1E /* PinyinHelper.m in Sources */,
				358D8D631FC414D800FD5AAC /* WPFViewController.m in Sources */,
				358D8D6E1FC414D800FD5AAC /* main.m in Sources */,
				354E907E1FDA31E200A63A1E /* WPFPinYinDataManager.m in Sources */,
				358D8D601FC414D800FD5AAC /* AppDelegate.m in Sources */,
				354E907F1FDA31E200A63A1E /* WPFPerson.m in Sources */,
				354E90A81FDA32D200A63A1E /* HanyuPinyinOutputFormat.m in Sources */,
				354E90AA1FDA32D200A63A1E /* PinyinFormatter.m in Sources */,
				354E90A91FDA32D200A63A1E /* ChineseToPinyinResource.m in Sources */,
				354E90A61FDA32D200A63A1E /* NSString+PinYin4Cocoa.m in Sources */,
				354E90801FDA31E200A63A1E /* WPFPinYinTools.m in Sources */,
				358D8D791FC524D000FD5AAC /* WPFSearchResultViewController.m in Sources */,
			);
			runOnlyForDeploymentPostprocessing = 0;
		};
/* End PBXSourcesBuildPhase section */

/* Begin PBXVariantGroup section */
		358D8D691FC414D800FD5AAC /* LaunchScreen.storyboard */ = {
			isa = PBXVariantGroup;
			children = (
				358D8D6A1FC414D800FD5AAC /* Base */,
			);
			name = LaunchScreen.storyboard;
			sourceTree = "<group>";
		};
/* End PBXVariantGroup section */

/* Begin XCBuildConfiguration section */
		358D8D6F1FC414D800FD5AAC /* Debug */ = {
			isa = XCBuildConfiguration;
			buildSettings = {
				ALWAYS_SEARCH_USER_PATHS = NO;
				CLANG_ANALYZER_NONNULL = YES;
				CLANG_ANALYZER_NUMBER_OBJECT_CONVERSION = YES_AGGRESSIVE;
				CLANG_CXX_LANGUAGE_STANDARD = "gnu++14";
				CLANG_CXX_LIBRARY = "libc++";
				CLANG_ENABLE_MODULES = YES;
				CLANG_ENABLE_OBJC_ARC = YES;
				CLANG_WARN_BLOCK_CAPTURE_AUTORELEASING = YES;
				CLANG_WARN_BOOL_CONVERSION = YES;
				CLANG_WARN_COMMA = YES;
				CLANG_WARN_CONSTANT_CONVERSION = YES;
				CLANG_WARN_DIRECT_OBJC_ISA_USAGE = YES_ERROR;
				CLANG_WARN_DOCUMENTATION_COMMENTS = YES;
				CLANG_WARN_EMPTY_BODY = YES;
				CLANG_WARN_ENUM_CONVERSION = YES;
				CLANG_WARN_INFINITE_RECURSION = YES;
				CLANG_WARN_INT_CONVERSION = YES;
				CLANG_WARN_NON_LITERAL_NULL_CONVERSION = YES;
				CLANG_WARN_OBJC_LITERAL_CONVERSION = YES;
				CLANG_WARN_OBJC_ROOT_CLASS = YES_ERROR;
				CLANG_WARN_RANGE_LOOP_ANALYSIS = YES;
				CLANG_WARN_STRICT_PROTOTYPES = YES;
				CLANG_WARN_SUSPICIOUS_MOVE = YES;
				CLANG_WARN_UNGUARDED_AVAILABILITY = YES_AGGRESSIVE;
				CLANG_WARN_UNREACHABLE_CODE = YES;
				CLANG_WARN__DUPLICATE_METHOD_MATCH = YES;
				CODE_SIGN_IDENTITY = "iPhone Developer";
				COPY_PHASE_STRIP = NO;
				DEBUG_INFORMATION_FORMAT = dwarf;
				ENABLE_STRICT_OBJC_MSGSEND = YES;
				ENABLE_TESTABILITY = YES;
				GCC_C_LANGUAGE_STANDARD = gnu11;
				GCC_DYNAMIC_NO_PIC = NO;
				GCC_NO_COMMON_BLOCKS = YES;
				GCC_OPTIMIZATION_LEVEL = 0;
				GCC_PREPROCESSOR_DEFINITIONS = (
					"DEBUG=1",
					"$(inherited)",
				);
				GCC_WARN_64_TO_32_BIT_CONVERSION = YES;
				GCC_WARN_ABOUT_RETURN_TYPE = YES_ERROR;
				GCC_WARN_UNDECLARED_SELECTOR = YES;
				GCC_WARN_UNINITIALIZED_AUTOS = YES_AGGRESSIVE;
				GCC_WARN_UNUSED_FUNCTION = YES;
				GCC_WARN_UNUSED_VARIABLE = YES;
				IPHONEOS_DEPLOYMENT_TARGET = 11.1;
				MTL_ENABLE_DEBUG_INFO = YES;
				ONLY_ACTIVE_ARCH = YES;
				SDKROOT = iphoneos;
			};
			name = Debug;
		};
		358D8D701FC414D800FD5AAC /* Release */ = {
			isa = XCBuildConfiguration;
			buildSettings = {
				ALWAYS_SEARCH_USER_PATHS = NO;
				CLANG_ANALYZER_NONNULL = YES;
				CLANG_ANALYZER_NUMBER_OBJECT_CONVERSION = YES_AGGRESSIVE;
				CLANG_CXX_LANGUAGE_STANDARD = "gnu++14";
				CLANG_CXX_LIBRARY = "libc++";
				CLANG_ENABLE_MODULES = YES;
				CLANG_ENABLE_OBJC_ARC = YES;
				CLANG_WARN_BLOCK_CAPTURE_AUTORELEASING = YES;
				CLANG_WARN_BOOL_CONVERSION = YES;
				CLANG_WARN_COMMA = YES;
				CLANG_WARN_CONSTANT_CONVERSION = YES;
				CLANG_WARN_DIRECT_OBJC_ISA_USAGE = YES_ERROR;
				CLANG_WARN_DOCUMENTATION_COMMENTS = YES;
				CLANG_WARN_EMPTY_BODY = YES;
				CLANG_WARN_ENUM_CONVERSION = YES;
				CLANG_WARN_INFINITE_RECURSION = YES;
				CLANG_WARN_INT_CONVERSION = YES;
				CLANG_WARN_NON_LITERAL_NULL_CONVERSION = YES;
				CLANG_WARN_OBJC_LITERAL_CONVERSION = YES;
				CLANG_WARN_OBJC_ROOT_CLASS = YES_ERROR;
				CLANG_WARN_RANGE_LOOP_ANALYSIS = YES;
				CLANG_WARN_STRICT_PROTOTYPES = YES;
				CLANG_WARN_SUSPICIOUS_MOVE = YES;
				CLANG_WARN_UNGUARDED_AVAILABILITY = YES_AGGRESSIVE;
				CLANG_WARN_UNREACHABLE_CODE = YES;
				CLANG_WARN__DUPLICATE_METHOD_MATCH = YES;
				CODE_SIGN_IDENTITY = "iPhone Developer";
				COPY_PHASE_STRIP = NO;
				DEBUG_INFORMATION_FORMAT = "dwarf-with-dsym";
				ENABLE_NS_ASSERTIONS = NO;
				ENABLE_STRICT_OBJC_MSGSEND = YES;
				GCC_C_LANGUAGE_STANDARD = gnu11;
				GCC_NO_COMMON_BLOCKS = YES;
				GCC_WARN_64_TO_32_BIT_CONVERSION = YES;
				GCC_WARN_ABOUT_RETURN_TYPE = YES_ERROR;
				GCC_WARN_UNDECLARED_SELECTOR = YES;
				GCC_WARN_UNINITIALIZED_AUTOS = YES_AGGRESSIVE;
				GCC_WARN_UNUSED_FUNCTION = YES;
				GCC_WARN_UNUSED_VARIABLE = YES;
				IPHONEOS_DEPLOYMENT_TARGET = 11.1;
				MTL_ENABLE_DEBUG_INFO = NO;
				SDKROOT = iphoneos;
				VALIDATE_PRODUCT = YES;
			};
			name = Release;
		};
		358D8D721FC414D800FD5AAC /* Debug */ = {
			isa = XCBuildConfiguration;
			buildSettings = {
				ASSETCATALOG_COMPILER_APPICON_NAME = AppIcon;
				CODE_SIGN_STYLE = Automatic;
				DEVELOPMENT_TEAM = ST685X75RG;
				INFOPLIST_FILE = HighlightedSearchDemo/Info.plist;
				IPHONEOS_DEPLOYMENT_TARGET = 8.0;
				LD_RUNPATH_SEARCH_PATHS = "$(inherited) @executable_path/Frameworks";
				PRODUCT_BUNDLE_IDENTIFIER = com.wpf.apple.HighlightedSearch;
				PRODUCT_NAME = "$(TARGET_NAME)";
				TARGETED_DEVICE_FAMILY = 1;
			};
			name = Debug;
		};
		358D8D731FC414D800FD5AAC /* Release */ = {
			isa = XCBuildConfiguration;
			buildSettings = {
				ASSETCATALOG_COMPILER_APPICON_NAME = AppIcon;
				CODE_SIGN_STYLE = Automatic;
				DEVELOPMENT_TEAM = ST685X75RG;
				INFOPLIST_FILE = HighlightedSearchDemo/Info.plist;
				IPHONEOS_DEPLOYMENT_TARGET = 8.0;
				LD_RUNPATH_SEARCH_PATHS = "$(inherited) @executable_path/Frameworks";
				PRODUCT_BUNDLE_IDENTIFIER = com.wpf.apple.HighlightedSearch;
				PRODUCT_NAME = "$(TARGET_NAME)";
				TARGETED_DEVICE_FAMILY = 1;
			};
			name = Release;
		};
/* End XCBuildConfiguration section */

/* Begin XCConfigurationList section */
		358D8D561FC414D800FD5AAC /* Build configuration list for PBXProject "HighlightedSearchDemo" */ = {
			isa = XCConfigurationList;
			buildConfigurations = (
				358D8D6F1FC414D800FD5AAC /* Debug */,
				358D8D701FC414D800FD5AAC /* Release */,
			);
			defaultConfigurationIsVisible = 0;
			defaultConfigurationName = Release;
		};
		358D8D711FC414D800FD5AAC /* Build configuration list for PBXNativeTarget "HighlightedSearchDemo" */ = {
			isa = XCConfigurationList;
			buildConfigurations = (
				358D8D721FC414D800FD5AAC /* Debug */,
				358D8D731FC414D800FD5AAC /* Release */,
			);
			defaultConfigurationIsVisible = 0;
			defaultConfigurationName = Release;
		};
/* End XCConfigurationList section */
	};
	rootObject = 358D8D531FC414D800FD5AAC /* Project object */;
}
